
Microsoft Visual Studio Solution File, Format Version 12.00
Project("{FAE04EC0-301F-11D3-BF4B-00C04F79EFBC}") = "VoucherSystem.API", "VoucherSystem.API\VoucherSystem.API.csproj", "{9F6C7CDB-1444-4B7B-A0DC-52D94188D175}"
EndProject
Project("{FAE04EC0-301F-11D3-BF4B-00C04F79EFBC}") = "VoucherSystem.ProviderIntegration", "VoucherSystem.ProviderIntegration\VoucherSystem.ProviderIntegration.csproj", "{3443D8DE-D408-4DBD-AD5A-558BB8542D5F}"
EndProject
Project("{FAE04EC0-301F-11D3-BF4B-00C04F79EFBC}") = "VoucherSystem.Shared", "VoucherSystem.Shared\VoucherSystem.Shared.csproj", "{727C09A6-C1D3-4557-AFAB-0FD57D58649D}"
EndProject
Global
	GlobalSection(SolutionConfigurationPlatforms) = preSolution
		Debug|Any CPU = Debug|Any CPU
		Release|Any CPU = Release|Any CPU
	EndGlobalSection
	GlobalSection(ProjectConfigurationPlatforms) = postSolution
		{9F6C7CDB-1444-4B7B-A0DC-52D94188D175}.Debug|Any CPU.ActiveCfg = Debug|Any CPU
		{9F6C7CDB-1444-4B7B-A0DC-52D94188D175}.Debug|Any CPU.Build.0 = Debug|Any CPU
		{9F6C7CDB-1444-4B7B-A0DC-52D94188D175}.Release|Any CPU.ActiveCfg = Release|Any CPU
		{9F6C7CDB-1444-4B7B-A0DC-52D94188D175}.Release|Any CPU.Build.0 = Release|Any CPU
		{3443D8DE-D408-4DBD-AD5A-558BB8542D5F}.Debug|Any CPU.ActiveCfg = Debug|Any CPU
		{3443D8DE-D408-4DBD-AD5A-558BB8542D5F}.Debug|Any CPU.Build.0 = Debug|Any CPU
		{3443D8DE-D408-4DBD-AD5A-558BB8542D5F}.Release|Any CPU.ActiveCfg = Release|Any CPU
		{3443D8DE-D408-4DBD-AD5A-558BB8542D5F}.Release|Any CPU.Build.0 = Release|Any CPU
		{727C09A6-C1D3-4557-AFAB-0FD57D58649D}.Debug|Any CPU.ActiveCfg = Debug|Any CPU
		{727C09A6-C1D3-4557-AFAB-0FD57D58649D}.Debug|Any CPU.Build.0 = Debug|Any CPU
		{727C09A6-C1D3-4557-AFAB-0FD57D58649D}.Release|Any CPU.ActiveCfg = Release|Any CPU
		{727C09A6-C1D3-4557-AFAB-0FD57D58649D}.Release|Any CPU.Build.0 = Release|Any CPU
	EndGlobalSection
EndGlobal
